
Microsoft Visual Studio Solution File, Format Version 12.00
# Visual Studio Version 17
VisualStudioVersion = 17.0.31919.166
MinimumVisualStudioVersion = 10.0.40219.1
Project("{9A19103F-16F7-4668-BE54-9A1E7A4F7556}") = "Olo.Informator", "Olo.Informator\Olo.Informator.csproj", "{F63D0DE1-4E74-438B-BD64-7E7D105737CB}"
EndProject
Project("{9A19103F-16F7-4668-BE54-9A1E7A4F7556}") = "Olo.Domain", "Olo.Domain\Olo.Domain.csproj", "{A84111CB-81A2-4766-AF15-4493FAB6CB30}"
EndProject
Project("{FAE04EC0-301F-11D3-BF4B-00C04F79EFBC}") = "Olo.Persistance", "Olo.Persistance\Olo.Persistance.csproj", "{9A4F0B1D-4FB6-4485-A1D5-BD9C2369B243}"
EndProject
Project("{FAE04EC0-301F-11D3-BF4B-00C04F79EFBC}") = "Olo.Infrastructure", "Olo.Infrastructure\Olo.Infrastructure.csproj", "{B53EDC73-1D4C-4688-A805-7D3A237A0296}"
EndProject
Project("{FAE04EC0-301F-11D3-BF4B-00C04F79EFBC}") = "Olo.Common", "Olo.Common\Olo.Common.csproj", "{E7929437-457C-4A73-8FC4-44634AD5044C}"
EndProject
Global
	GlobalSection(SolutionConfigurationPlatforms) = preSolution
		Debug|Any CPU = Debug|Any CPU
		Release|Any CPU = Release|Any CPU
	EndGlobalSection
	GlobalSection(ProjectConfigurationPlatforms) = postSolution
		{F63D0DE1-4E74-438B-BD64-7E7D105737CB}.Debug|Any CPU.ActiveCfg = Debug|Any CPU
		{F63D0DE1-4E74-438B-BD64-7E7D105737CB}.Debug|Any CPU.Build.0 = Debug|Any CPU
		{F63D0DE1-4E74-438B-BD64-7E7D105737CB}.Release|Any CPU.ActiveCfg = Release|Any CPU
		{F63D0DE1-4E74-438B-BD64-7E7D105737CB}.Release|Any CPU.Build.0 = Release|Any CPU
		{A84111CB-81A2-4766-AF15-4493FAB6CB30}.Debug|Any CPU.ActiveCfg = Debug|Any CPU
		{A84111CB-81A2-4766-AF15-4493FAB6CB30}.Debug|Any CPU.Build.0 = Debug|Any CPU
		{A84111CB-81A2-4766-AF15-4493FAB6CB30}.Release|Any CPU.ActiveCfg = Release|Any CPU
		{A84111CB-81A2-4766-AF15-4493FAB6CB30}.Release|Any CPU.Build.0 = Release|Any CPU
		{9A4F0B1D-4FB6-4485-A1D5-BD9C2369B243}.Debug|Any CPU.ActiveCfg = Debug|Any CPU
		{9A4F0B1D-4FB6-4485-A1D5-BD9C2369B243}.Debug|Any CPU.Build.0 = Debug|Any CPU
		{9A4F0B1D-4FB6-4485-A1D5-BD9C2369B243}.Release|Any CPU.ActiveCfg = Release|Any CPU
		{9A4F0B1D-4FB6-4485-A1D5-BD9C2369B243}.Release|Any CPU.Build.0 = Release|Any CPU
		{B53EDC73-1D4C-4688-A805-7D3A237A0296}.Debug|Any CPU.ActiveCfg = Debug|Any CPU
		{B53EDC73-1D4C-4688-A805-7D3A237A0296}.Debug|Any CPU.Build.0 = Debug|Any CPU
		{B53EDC73-1D4C-4688-A805-7D3A237A0296}.Release|Any CPU.ActiveCfg = Release|Any CPU
		{B53EDC73-1D4C-4688-A805-7D3A237A0296}.Release|Any CPU.Build.0 = Release|Any CPU
		{E7929437-457C-4A73-8FC4-44634AD5044C}.Debug|Any CPU.ActiveCfg = Debug|Any CPU
		{E7929437-457C-4A73-8FC4-44634AD5044C}.Debug|Any CPU.Build.0 = Debug|Any CPU
		{E7929437-457C-4A73-8FC4-44634AD5044C}.Release|Any CPU.ActiveCfg = Release|Any CPU
		{E7929437-457C-4A73-8FC4-44634AD5044C}.Release|Any CPU.Build.0 = Release|Any CPU
	EndGlobalSection
	GlobalSection(SolutionProperties) = preSolution
		HideSolutionNode = FALSE
	EndGlobalSection
	GlobalSection(ExtensibilityGlobals) = postSolution
		SolutionGuid = {34CB3D47-6BEF-4BAB-9BBF-2077F5FD64C5}
	EndGlobalSection
EndGlobal
